{
  "requires": true,
  "lockfileVersion": 1,
  "dependencies": {
    "@trevoreyre/autocomplete-js": {
      "version": "2.2.0",
      "resolved": "https://registry.npmjs.org/@trevoreyre/autocomplete-js/-/autocomplete-js-2.2.0.tgz",
      "integrity": "sha512-emHJWZBPWdB5iDW9MrLSfq3lopyDlIhYXa8ttnCX9kQp1g+G0Lmfu/v6fW2aggjAfsZX8ksuZSG65o+EdwoN0g=="
    }
  }
}
